
Microsoft Visual Studio Solution File, Format Version 12.00
# Visual Studio 2013
VisualStudioVersion = 12.0.21005.1
MinimumVisualStudioVersion = 10.0.40219.1
Project("{8BC9CEB8-8B4A-11D0-8D11-00A0C91BC942}") = "Player", "Player\Player.vcxproj", "{3024300A-6049-46B2-80DE-527C6A2D87E7}"
EndProject
Project("{8BC9CEB8-8B4A-11D0-8D11-00A0C91BC942}") = "Loader", "Loader\Loader.vcxproj", "{6750839E-77E4-4235-B029-709186D1D337}"
EndProject
Project("{2150E333-8FDC-42A3-9474-1A3956D46DE8}") = "Installer", "Installer", "{1BE7A7D8-531F-402E-99D8-DEE76EF38A58}"
	ProjectSection(SolutionItems) = preProject
		Installer\Installer.nsi = Installer\Installer.nsi
	EndProjectSection
EndProject
Project("{2150E333-8FDC-42A3-9474-1A3956D46DE8}") = "Common", "Common", "{D41E5129-D5E3-487C-8252-F891151BD1DD}"
	ProjectSection(SolutionItems) = preProject
		Common\Common.h = Common\Common.h
		Common\Path.cpp = Common\Path.cpp
		Common\Path.h = Common\Path.h
		Common\Process.cpp = Common\Process.cpp
		Common\Process.h = Common\Process.h
		Common\SingleMutexHandle.h = Common\SingleMutexHandle.h
		Common\StartupParameters.cpp = Common\StartupParameters.cpp
		Common\StartupParameters.h = Common\StartupParameters.h
	EndProjectSection
EndProject
Project("{8BC9CEB8-8B4A-11D0-8D11-00A0C91BC942}") = "Launcher", "Launcher\Launcher.vcxproj", "{1A5290A1-B957-4B29-997A-07FA8C6AD5F5}"
EndProject
Project("{2150E333-8FDC-42A3-9474-1A3956D46DE8}") = "Plugins", "Plugins", "{3AA36FA0-A6E7-4898-B481-9AE05104C73E}"
EndProject
Project("{8BC9CEB8-8B4A-11D0-8D11-00A0C91BC942}") = "FrodPlugin", "Plugins\FrodPlugin\FrodPlugin.vcxproj", "{B12702AD-ABFB-343A-A199-8E24837244A3}"
EndProject
Global
	GlobalSection(SolutionConfigurationPlatforms) = preSolution
		Debug|Win32 = Debug|Win32
		Release|Win32 = Release|Win32
	EndGlobalSection
	GlobalSection(ProjectConfigurationPlatforms) = postSolution
		{3024300A-6049-46B2-80DE-527C6A2D87E7}.Debug|Win32.ActiveCfg = Debug|Win32
		{3024300A-6049-46B2-80DE-527C6A2D87E7}.Debug|Win32.Build.0 = Debug|Win32
		{3024300A-6049-46B2-80DE-527C6A2D87E7}.Release|Win32.ActiveCfg = Release|Win32
		{3024300A-6049-46B2-80DE-527C6A2D87E7}.Release|Win32.Build.0 = Release|Win32
		{6750839E-77E4-4235-B029-709186D1D337}.Debug|Win32.ActiveCfg = Debug|Win32
		{6750839E-77E4-4235-B029-709186D1D337}.Debug|Win32.Build.0 = Debug|Win32
		{6750839E-77E4-4235-B029-709186D1D337}.Release|Win32.ActiveCfg = Release|Win32
		{6750839E-77E4-4235-B029-709186D1D337}.Release|Win32.Build.0 = Release|Win32
		{1A5290A1-B957-4B29-997A-07FA8C6AD5F5}.Debug|Win32.ActiveCfg = Debug|Win32
		{1A5290A1-B957-4B29-997A-07FA8C6AD5F5}.Debug|Win32.Build.0 = Debug|Win32
		{1A5290A1-B957-4B29-997A-07FA8C6AD5F5}.Release|Win32.ActiveCfg = Release|Win32
		{1A5290A1-B957-4B29-997A-07FA8C6AD5F5}.Release|Win32.Build.0 = Release|Win32
		{B12702AD-ABFB-343A-A199-8E24837244A3}.Debug|Win32.ActiveCfg = Debug|Win32
		{B12702AD-ABFB-343A-A199-8E24837244A3}.Debug|Win32.Build.0 = Debug|Win32
		{B12702AD-ABFB-343A-A199-8E24837244A3}.Release|Win32.ActiveCfg = Release|Win32
		{B12702AD-ABFB-343A-A199-8E24837244A3}.Release|Win32.Build.0 = Release|Win32
	EndGlobalSection
	GlobalSection(SolutionProperties) = preSolution
		HideSolutionNode = FALSE
	EndGlobalSection
	GlobalSection(NestedProjects) = preSolution
		{B12702AD-ABFB-343A-A199-8E24837244A3} = {3AA36FA0-A6E7-4898-B481-9AE05104C73E}
	EndGlobalSection
	GlobalSection(ExtensibilityGlobals) = postSolution
		Qt5Version = msvc2010
	EndGlobalSection
EndGlobal
