<?xml version="1.0" encoding="utf-8"?>
<Project ToolsVersion="4.0" xmlns="http://schemas.microsoft.com/developer/msbuild/2003">
  <ItemGroup>
    <Filter Include="Resource Files">
      <UniqueIdentifier>{D9D6E242-F8AF-46E4-B9FD-80ECBC20BA3E}</UniqueIdentifier>
      <Extensions>qrc;*</Extensions>
      <ParseFiles>false</ParseFiles>
    </Filter>
    <Filter Include="Generated Files">
      <UniqueIdentifier>{71ED8ED8-ACB9-4CE9-BBE1-E00B30144E11}</UniqueIdentifier>
      <Extensions>moc;h;cpp</Extensions>
      <SourceControlFiles>False</SourceControlFiles>
    </Filter>
    <Filter Include="Generated Files\Debug">
      <UniqueIdentifier>{5eb5066a-1c33-4333-ba41-cb362a798378}</UniqueIdentifier>
      <Extensions>cpp;moc</Extensions>
      <SourceControlFiles>False</SourceControlFiles>
    </Filter>
    <Filter Include="Generated Files\Release">
      <UniqueIdentifier>{70965f33-3464-4e14-8f06-b2c336232232}</UniqueIdentifier>
      <Extensions>cpp;moc</Extensions>
      <SourceControlFiles>False</SourceControlFiles>
    </Filter>
    <Filter Include="Model">
      <UniqueIdentifier>{11ae4897-4669-42ee-b25c-94431f144981}</UniqueIdentifier>
    </Filter>
    <Filter Include="Views">
      <UniqueIdentifier>{7b5456dc-c64b-4fb3-b885-f58ccc64119e}</UniqueIdentifier>
    </Filter>
    <Filter Include="Controllers">
      <UniqueIdentifier>{a0286ad8-61ec-4b68-a83c-647d23bc0683}</UniqueIdentifier>
    </Filter>
    <Filter Include="Utils">
      <UniqueIdentifier>{4283fae7-ac46-462c-9d7c-ad42869ab8d3}</UniqueIdentifier>
    </Filter>
    <Filter Include="Views\Styles">
      <UniqueIdentifier>{5ebb2516-ef75-41c6-9f1b-a854f165aa2d}</UniqueIdentifier>
    </Filter>
    <Filter Include="Views\SystemTray">
      <UniqueIdentifier>{57e35ca6-e664-4b56-85db-787aac19f8ae}</UniqueIdentifier>
    </Filter>
    <Filter Include="Views\Pages">
      <UniqueIdentifier>{57246f38-cdd2-441e-a652-60e594bf513e}</UniqueIdentifier>
    </Filter>
    <Filter Include="Views\QML">
      <UniqueIdentifier>{11968bc8-3fa1-4015-a62f-d65899212b2b}</UniqueIdentifier>
    </Filter>
    <Filter Include="Audio">
      <UniqueIdentifier>{90b9e824-c8f5-4ecc-ad36-134c9d501557}</UniqueIdentifier>
    </Filter>
    <Filter Include="Translations">
      <UniqueIdentifier>{db74cf91-6654-47ce-a6af-ba4d8e53bc73}</UniqueIdentifier>
    </Filter>
    <Filter Include="Network">
      <UniqueIdentifier>{1448e3cb-8bc0-4a3f-9a94-4843486bf460}</UniqueIdentifier>
    </Filter>
    <Filter Include="Views\Widgets">
      <UniqueIdentifier>{2480e685-5562-4c68-8758-922847712336}</UniqueIdentifier>
    </Filter>
    <Filter Include="Resource Files\Images">
      <UniqueIdentifier>{4d0f3bfd-427b-4ca7-a235-6603bf6a0ca9}</UniqueIdentifier>
    </Filter>
    <Filter Include="Resource Files\Html">
      <UniqueIdentifier>{0a2012aa-183c-44f2-8ac7-c860bcce11df}</UniqueIdentifier>
    </Filter>
    <Filter Include="Plugins">
      <UniqueIdentifier>{ce17c983-8c58-421d-8fe0-ba3c669b7e33}</UniqueIdentifier>
    </Filter>
    <Filter Include="Controllers\ViewControllers">
      <UniqueIdentifier>{d9539d26-41a5-4d57-aad7-a22d1a233bad}</UniqueIdentifier>
    </Filter>
    <Filter Include="Model\Radio">
      <UniqueIdentifier>{e5ce4f5b-e1ce-4a20-88e3-56405eef8663}</UniqueIdentifier>
    </Filter>
    <Filter Include="Model\Music">
      <UniqueIdentifier>{bd8d89ab-64f2-4904-96f4-ef70841a6041}</UniqueIdentifier>
    </Filter>
    <Filter Include="Model\TV">
      <UniqueIdentifier>{d2549b9d-8f4a-49f4-8b10-7fe8e0eb412a}</UniqueIdentifier>
    </Filter>
    <Filter Include="Controllers\Update">
      <UniqueIdentifier>{751f7271-176f-4353-885c-7cc391b5f16b}</UniqueIdentifier>
    </Filter>
    <Filter Include="Views\Popups">
      <UniqueIdentifier>{5c930fc1-81a7-41a2-9ac6-f1e812f0f1a7}</UniqueIdentifier>
    </Filter>
    <Filter Include="Views\QML\TV">
      <UniqueIdentifier>{7ac602e9-a33d-4aa3-a01b-4d231ac70753}</UniqueIdentifier>
    </Filter>
    <Filter Include="Views\QML\Radio">
      <UniqueIdentifier>{fbefaeda-9557-47b0-aac4-b7ab58992830}</UniqueIdentifier>
    </Filter>
    <Filter Include="Views\QML\Player">
      <UniqueIdentifier>{8aa3047a-3960-478c-ab78-d1d8d12d484c}</UniqueIdentifier>
    </Filter>
    <Filter Include="DataProviders">
      <UniqueIdentifier>{64759900-00aa-4b15-8037-6ee86e6196b6}</UniqueIdentifier>
    </Filter>
    <Filter Include="Utils\FileSystem">
      <UniqueIdentifier>{e21a3440-95db-477b-9684-03a8f9568c62}</UniqueIdentifier>
    </Filter>
    <Filter Include="Utils\Gui">
      <UniqueIdentifier>{4509394d-e4b4-4b6b-944d-996ee335b9ff}</UniqueIdentifier>
    </Filter>
    <Filter Include="Utils\Core">
      <UniqueIdentifier>{885f78ed-31cc-4db3-8b9c-e160b663e8a4}</UniqueIdentifier>
    </Filter>
  </ItemGroup>
  <ItemGroup>
    <ClCompile Include="GeneratedFiles\Debug\moc_MainWindow.cpp">
      <Filter>Generated Files\Debug</Filter>
    </ClCompile>
    <ClCompile Include="GeneratedFiles\Release\moc_MainWindow.cpp">
      <Filter>Generated Files\Release</Filter>
    </ClCompile>
    <ClCompile Include="GeneratedFiles\qrc_Player.cpp">
      <Filter>Generated Files</Filter>
    </ClCompile>
    <ClCompile Include="EntryPoint.cpp" />
    <ClCompile Include="GeneratedFiles\Debug\moc_TabWidget.cpp">
      <Filter>Generated Files\Debug</Filter>
    </ClCompile>
    <ClCompile Include="GeneratedFiles\Release\moc_TabWidget.cpp">
      <Filter>Generated Files\Release</Filter>
    </ClCompile>
    <ClCompile Include="TabWidget.cpp">
      <Filter>Views\Widgets</Filter>
    </ClCompile>
    <ClCompile Include="GeneratedFiles\Debug\moc_TabPage.cpp">
      <Filter>Generated Files\Debug</Filter>
    </ClCompile>
    <ClCompile Include="GeneratedFiles\Release\moc_TabPage.cpp">
      <Filter>Generated Files\Release</Filter>
    </ClCompile>
    <ClCompile Include="GeneratedFiles\Debug\moc_AppController.cpp">
      <Filter>Generated Files\Debug</Filter>
    </ClCompile>
    <ClCompile Include="GeneratedFiles\Release\moc_AppController.cpp">
      <Filter>Generated Files\Release</Filter>
    </ClCompile>
    <ClCompile Include="GeneratedFiles\Debug\moc_RadioPage.cpp">
      <Filter>Generated Files\Debug</Filter>
    </ClCompile>
    <ClCompile Include="GeneratedFiles\Release\moc_RadioPage.cpp">
      <Filter>Generated Files\Release</Filter>
    </ClCompile>
    <ClCompile Include="Titlebar.cpp">
      <Filter>Views\Widgets</Filter>
    </ClCompile>
    <ClCompile Include="GeneratedFiles\Debug\moc_Titlebar.cpp">
      <Filter>Generated Files\Debug</Filter>
    </ClCompile>
    <ClCompile Include="GeneratedFiles\Release\moc_Titlebar.cpp">
      <Filter>Generated Files\Release</Filter>
    </ClCompile>
    <ClCompile Include="Log.cpp">
      <Filter>Utils</Filter>
    </ClCompile>
    <ClCompile Include="GeneratedFiles\Debug\moc_FileDownloader.cpp">
      <Filter>Generated Files\Debug</Filter>
    </ClCompile>
    <ClCompile Include="GeneratedFiles\Release\moc_FileDownloader.cpp">
      <Filter>Generated Files\Release</Filter>
    </ClCompile>
    <ClCompile Include="GeneratedFiles\Debug\moc_ChannelMetadataModel.cpp">
      <Filter>Generated Files\Debug</Filter>
    </ClCompile>
    <ClCompile Include="GeneratedFiles\Release\moc_ChannelMetadataModel.cpp">
      <Filter>Generated Files\Release</Filter>
    </ClCompile>
    <ClCompile Include="UpdateModel.cpp">
      <Filter>Model</Filter>
    </ClCompile>
    <ClCompile Include="LinkButton.cpp">
      <Filter>Views\Widgets</Filter>
    </ClCompile>
    <ClCompile Include="GeneratedFiles\Debug\moc_LinkButton.cpp">
      <Filter>Generated Files\Debug</Filter>
    </ClCompile>
    <ClCompile Include="GeneratedFiles\Release\moc_LinkButton.cpp">
      <Filter>Generated Files\Release</Filter>
    </ClCompile>
    <ClCompile Include="WebView.cpp">
      <Filter>Views\Widgets</Filter>
    </ClCompile>
    <ClCompile Include="GeneratedFiles\Debug\moc_WebView.cpp">
      <Filter>Generated Files\Debug</Filter>
    </ClCompile>
    <ClCompile Include="GeneratedFiles\Release\moc_WebView.cpp">
      <Filter>Generated Files\Release</Filter>
    </ClCompile>
    <ClCompile Include="GeneratedFiles\Debug\moc_RadioPageController.cpp">
      <Filter>Generated Files\Debug</Filter>
    </ClCompile>
    <ClCompile Include="GeneratedFiles\Release\moc_RadioPageController.cpp">
      <Filter>Generated Files\Release</Filter>
    </ClCompile>
    <ClCompile Include="GeneratedFiles\Debug\moc_SystemTray.cpp">
      <Filter>Generated Files\Debug</Filter>
    </ClCompile>
    <ClCompile Include="GeneratedFiles\Release\moc_SystemTray.cpp">
      <Filter>Generated Files\Release</Filter>
    </ClCompile>
    <ClCompile Include="SystemTray.cpp">
      <Filter>Views\SystemTray</Filter>
    </ClCompile>
    <ClCompile Include="SystemTrayContextMenu.cpp">
      <Filter>Views\SystemTray</Filter>
    </ClCompile>
    <ClCompile Include="GeneratedFiles\Debug\moc_SystemTrayContextMenu.cpp">
      <Filter>Generated Files\Debug</Filter>
    </ClCompile>
    <ClCompile Include="GeneratedFiles\Release\moc_SystemTrayContextMenu.cpp">
      <Filter>Generated Files\Release</Filter>
    </ClCompile>
    <ClCompile Include="AppController.cpp">
      <Filter>Controllers</Filter>
    </ClCompile>
    <ClCompile Include="MainWindow.cpp">
      <Filter>Views</Filter>
    </ClCompile>
    <ClCompile Include="GeneratedFiles\Debug\moc_AudioStream.cpp">
      <Filter>Generated Files\Debug</Filter>
    </ClCompile>
    <ClCompile Include="GeneratedFiles\Release\moc_AudioStream.cpp">
      <Filter>Generated Files\Release</Filter>
    </ClCompile>
    <ClCompile Include="AudioStream.cpp">
      <Filter>Audio</Filter>
    </ClCompile>
    <ClCompile Include="FileDownloader.cpp">
      <Filter>Network</Filter>
    </ClCompile>
    <ClCompile Include="GeneratedFiles\Debug\moc_DownlaodManager.cpp">
      <Filter>Generated Files\Debug</Filter>
    </ClCompile>
    <ClCompile Include="GeneratedFiles\Release\moc_DownlaodManager.cpp">
      <Filter>Generated Files\Release</Filter>
    </ClCompile>
    <ClCompile Include="DownlaodManager.cpp">
      <Filter>Network</Filter>
    </ClCompile>
    <ClCompile Include="GeneratedFiles\Debug\moc_UpdateController.cpp">
      <Filter>Generated Files\Debug</Filter>
    </ClCompile>
    <ClCompile Include="GeneratedFiles\Release\moc_UpdateController.cpp">
      <Filter>Generated Files\Release</Filter>
    </ClCompile>
    <ClCompile Include="DefaultBrowser.cpp">
      <Filter>Utils</Filter>
    </ClCompile>
    <ClCompile Include="RadioPage.cpp">
      <Filter>Views\Pages</Filter>
    </ClCompile>
    <ClCompile Include="GeneratedFiles\Debug\moc_UserIdle.cpp">
      <Filter>Generated Files\Debug</Filter>
    </ClCompile>
    <ClCompile Include="GeneratedFiles\Release\moc_UserIdle.cpp">
      <Filter>Generated Files\Release</Filter>
    </ClCompile>
    <ClCompile Include="GeneratedFiles\Debug\moc_TVPage.cpp">
      <Filter>Generated Files\Debug</Filter>
    </ClCompile>
    <ClCompile Include="GeneratedFiles\Release\moc_TVPage.cpp">
      <Filter>Generated Files\Release</Filter>
    </ClCompile>
    <ClCompile Include="TVPage.cpp">
      <Filter>Views\Pages</Filter>
    </ClCompile>
    <ClCompile Include="GeneratedFiles\Debug\moc_TVPageController.cpp">
      <Filter>Generated Files\Debug</Filter>
    </ClCompile>
    <ClCompile Include="GeneratedFiles\Release\moc_TVPageController.cpp">
      <Filter>Generated Files\Release</Filter>
    </ClCompile>
    <ClCompile Include="TabPage.cpp">
      <Filter>Views\Pages</Filter>
    </ClCompile>
    <ClCompile Include="Config.cpp">
      <Filter>Model</Filter>
    </ClCompile>
    <ClCompile Include="NetworkAccessManager.cpp">
      <Filter>Network</Filter>
    </ClCompile>
    <ClCompile Include="GeneratedFiles\Debug\moc_NetworkAccessManager.cpp">
      <Filter>Generated Files\Debug</Filter>
    </ClCompile>
    <ClCompile Include="GeneratedFiles\Release\moc_NetworkAccessManager.cpp">
      <Filter>Generated Files\Release</Filter>
    </ClCompile>
    <ClCompile Include="GeneratedFiles\Debug\moc_Config.cpp">
      <Filter>Generated Files\Debug</Filter>
    </ClCompile>
    <ClCompile Include="GeneratedFiles\Release\moc_Config.cpp">
      <Filter>Generated Files\Release</Filter>
    </ClCompile>
    <ClCompile Include="GeneratedFiles\Debug\moc_FlashUtils.cpp">
      <Filter>Generated Files\Debug</Filter>
    </ClCompile>
    <ClCompile Include="GeneratedFiles\Release\moc_FlashUtils.cpp">
      <Filter>Generated Files\Release</Filter>
    </ClCompile>
    <ClCompile Include="FlashUtils.cpp">
      <Filter>Utils</Filter>
    </ClCompile>
    <ClCompile Include="CommandLine.cpp">
      <Filter>Utils</Filter>
    </ClCompile>
    <ClCompile Include="GeneratedFiles\Debug\moc_SingleApplication.cpp">
      <Filter>Generated Files\Debug</Filter>
    </ClCompile>
    <ClCompile Include="GeneratedFiles\Release\moc_SingleApplication.cpp">
      <Filter>Generated Files\Release</Filter>
    </ClCompile>
    <ClCompile Include="GeneratedFiles\Debug\moc_PluginManager.cpp">
      <Filter>Generated Files\Debug</Filter>
    </ClCompile>
    <ClCompile Include="GeneratedFiles\Release\moc_PluginManager.cpp">
      <Filter>Generated Files\Release</Filter>
    </ClCompile>
    <ClCompile Include="PluginManager.cpp">
      <Filter>Plugins</Filter>
    </ClCompile>
    <ClCompile Include="FileUtils.cpp">
      <Filter>Utils\FileSystem</Filter>
    </ClCompile>
    <ClCompile Include="Path.cpp">
      <Filter>Utils\FileSystem</Filter>
    </ClCompile>
    <ClCompile Include="AudioStreamAsyncStarter.cpp">
      <Filter>Audio</Filter>
    </ClCompile>
    <ClCompile Include="GeneratedFiles\Debug\moc_AudioStreamAsyncStarter.cpp">
      <Filter>Generated Files\Debug</Filter>
    </ClCompile>
    <ClCompile Include="GeneratedFiles\Release\moc_AudioStreamAsyncStarter.cpp">
      <Filter>Generated Files\Release</Filter>
    </ClCompile>
    <ClCompile Include="PlayerPage.cpp">
      <Filter>Views\Pages</Filter>
    </ClCompile>
    <ClCompile Include="GeneratedFiles\Debug\moc_PlayerPage.cpp">
      <Filter>Generated Files\Debug</Filter>
    </ClCompile>
    <ClCompile Include="GeneratedFiles\Release\moc_PlayerPage.cpp">
      <Filter>Generated Files\Release</Filter>
    </ClCompile>
    <ClCompile Include="GeneratedFiles\Debug\moc_PlayerPageController.cpp">
      <Filter>Generated Files\Debug</Filter>
    </ClCompile>
    <ClCompile Include="GeneratedFiles\Release\moc_PlayerPageController.cpp">
      <Filter>Generated Files\Release</Filter>
    </ClCompile>
    <ClCompile Include="GeneratedFiles\Debug\moc_TrackModel.cpp">
      <Filter>Generated Files\Debug</Filter>
    </ClCompile>
    <ClCompile Include="GeneratedFiles\Release\moc_TrackModel.cpp">
      <Filter>Generated Files\Release</Filter>
    </ClCompile>
    <ClCompile Include="PlayerPageController.cpp">
      <Filter>Controllers\ViewControllers</Filter>
    </ClCompile>
    <ClCompile Include="RadioPageController.cpp">
      <Filter>Controllers\ViewControllers</Filter>
    </ClCompile>
    <ClCompile Include="TVPageController.cpp">
      <Filter>Controllers\ViewControllers</Filter>
    </ClCompile>
    <ClCompile Include="GeneratedFiles\Debug\moc_SetUserInfo.cpp">
      <Filter>Generated Files\Debug</Filter>
    </ClCompile>
    <ClCompile Include="GeneratedFiles\Release\moc_SetUserInfo.cpp">
      <Filter>Generated Files\Release</Filter>
    </ClCompile>
    <ClCompile Include="AudioStreamAsyncDownloader.cpp">
      <Filter>Audio</Filter>
    </ClCompile>
    <ClCompile Include="GeneratedFiles\Debug\moc_AudioStreamAsyncDownloader.cpp">
      <Filter>Generated Files\Debug</Filter>
    </ClCompile>
    <ClCompile Include="GeneratedFiles\Release\moc_AudioStreamAsyncDownloader.cpp">
      <Filter>Generated Files\Release</Filter>
    </ClCompile>
    <ClCompile Include="UrlBuilder.cpp">
      <Filter>Network</Filter>
    </ClCompile>
    <ClCompile Include="GeneratedFiles\Debug\moc_IPageController.cpp">
      <Filter>Generated Files\Debug</Filter>
    </ClCompile>
    <ClCompile Include="GeneratedFiles\Release\moc_IPageController.cpp">
      <Filter>Generated Files\Release</Filter>
    </ClCompile>
    <ClCompile Include="PageControllerFactory.cpp">
      <Filter>Controllers\ViewControllers</Filter>
    </ClCompile>
    <ClCompile Include="GeneratedFiles\Debug\moc_MessageBoxView.cpp">
      <Filter>Generated Files\Debug</Filter>
    </ClCompile>
    <ClCompile Include="GeneratedFiles\Release\moc_MessageBoxView.cpp">
      <Filter>Generated Files\Release</Filter>
    </ClCompile>
    <ClCompile Include="ChannelMetadataModel.cpp">
      <Filter>Model\Radio</Filter>
    </ClCompile>
    <ClCompile Include="TrackModel.cpp">
      <Filter>Model\Music</Filter>
    </ClCompile>
    <ClCompile Include="GeneratedFiles\Debug\moc_RadioCategoriesModel.cpp">
      <Filter>Generated Files\Debug</Filter>
    </ClCompile>
    <ClCompile Include="GeneratedFiles\Release\moc_RadioCategoriesModel.cpp">
      <Filter>Generated Files\Release</Filter>
    </ClCompile>
    <ClCompile Include="RadioCategoriesModel.cpp">
      <Filter>Model\Radio</Filter>
    </ClCompile>
    <ClCompile Include="QuickPageBase.cpp">
      <Filter>Views\Pages</Filter>
    </ClCompile>
    <ClCompile Include="GeneratedFiles\Debug\moc_QuickPageBase.cpp">
      <Filter>Generated Files\Debug</Filter>
    </ClCompile>
    <ClCompile Include="GeneratedFiles\Release\moc_QuickPageBase.cpp">
      <Filter>Generated Files\Release</Filter>
    </ClCompile>
    <ClCompile Include="UpdateController.cpp">
      <Filter>Controllers\Update</Filter>
    </ClCompile>
    <ClCompile Include="TVCategoriesModel.cpp">
      <Filter>Model\TV</Filter>
    </ClCompile>
    <ClCompile Include="GeneratedFiles\Debug\moc_TVCategoriesModel.cpp">
      <Filter>Generated Files\Debug</Filter>
    </ClCompile>
    <ClCompile Include="GeneratedFiles\Release\moc_TVCategoriesModel.cpp">
      <Filter>Generated Files\Release</Filter>
    </ClCompile>
    <ClCompile Include="TVGenresModel.cpp">
      <Filter>Model\TV</Filter>
    </ClCompile>
    <ClCompile Include="GeneratedFiles\Debug\moc_TVGenresModel.cpp">
      <Filter>Generated Files\Debug</Filter>
    </ClCompile>
    <ClCompile Include="GeneratedFiles\Release\moc_TVGenresModel.cpp">
      <Filter>Generated Files\Release</Filter>
    </ClCompile>
    <ClCompile Include="TVGenresSortFilterProxyModel.cpp">
      <Filter>Model\TV</Filter>
    </ClCompile>
    <ClCompile Include="GeneratedFiles\Debug\moc_TVGenresSortFilterProxyModel.cpp">
      <Filter>Generated Files\Debug</Filter>
    </ClCompile>
    <ClCompile Include="GeneratedFiles\Release\moc_TVGenresSortFilterProxyModel.cpp">
      <Filter>Generated Files\Release</Filter>
    </ClCompile>
    <ClCompile Include="MessageBoxView.cpp">
      <Filter>Views\Popups</Filter>
    </ClCompile>
    <ClCompile Include="TVSourcesModel.cpp">
      <Filter>Model\TV</Filter>
    </ClCompile>
    <ClCompile Include="GeneratedFiles\Debug\moc_TVSourcesModel.cpp">
      <Filter>Generated Files\Debug</Filter>
    </ClCompile>
    <ClCompile Include="GeneratedFiles\Release\moc_TVSourcesModel.cpp">
      <Filter>Generated Files\Release</Filter>
    </ClCompile>
    <ClCompile Include="GeneratedFiles\Debug\moc_RadioSourcesModel.cpp">
      <Filter>Generated Files\Debug</Filter>
    </ClCompile>
    <ClCompile Include="GeneratedFiles\Release\moc_RadioSourcesModel.cpp">
      <Filter>Generated Files\Release</Filter>
    </ClCompile>
    <ClCompile Include="RadioSourcesModel.cpp">
      <Filter>Model\Radio</Filter>
    </ClCompile>
    <ClCompile Include="GeneratedFiles\Debug\moc_RadioSourcesSortFilterProxyModel.cpp">
      <Filter>Generated Files\Debug</Filter>
    </ClCompile>
    <ClCompile Include="GeneratedFiles\Release\moc_RadioSourcesSortFilterProxyModel.cpp">
      <Filter>Generated Files\Release</Filter>
    </ClCompile>
    <ClCompile Include="RadioSourcesSortFilterProxyModel.cpp">
      <Filter>Model\Radio</Filter>
    </ClCompile>
    <ClCompile Include="TVSourcesSortFilterProxyModel.cpp">
      <Filter>Model\TV</Filter>
    </ClCompile>
    <ClCompile Include="GeneratedFiles\Debug\moc_TVSourcesSortFilterProxyModel.cpp">
      <Filter>Generated Files\Debug</Filter>
    </ClCompile>
    <ClCompile Include="GeneratedFiles\Release\moc_TVSourcesSortFilterProxyModel.cpp">
      <Filter>Generated Files\Release</Filter>
    </ClCompile>
    <ClCompile Include="BannersModel.cpp">
      <Filter>Model</Filter>
    </ClCompile>
    <ClCompile Include="GeneratedFiles\Debug\moc_BannersModel.cpp">
      <Filter>Generated Files\Debug</Filter>
    </ClCompile>
    <ClCompile Include="GeneratedFiles\Release\moc_BannersModel.cpp">
      <Filter>Generated Files\Release</Filter>
    </ClCompile>
    <ClCompile Include="GeneratedFiles\Debug\moc_TVGenresPopupView.cpp">
      <Filter>Generated Files\Debug</Filter>
    </ClCompile>
    <ClCompile Include="GeneratedFiles\Release\moc_TVGenresPopupView.cpp">
      <Filter>Generated Files\Release</Filter>
    </ClCompile>
    <ClCompile Include="TVGenresPopupView.cpp">
      <Filter>Views\Popups</Filter>
    </ClCompile>
    <ClCompile Include="SetUserInfo.cpp">
      <Filter>DataProviders</Filter>
    </ClCompile>
    <ClCompile Include="GeneratedFiles\Debug\moc_TracksDataProvider.cpp">
      <Filter>Generated Files\Debug</Filter>
    </ClCompile>
    <ClCompile Include="GeneratedFiles\Release\moc_TracksDataProvider.cpp">
      <Filter>Generated Files\Release</Filter>
    </ClCompile>
    <ClCompile Include="TracksDataProvider.cpp">
      <Filter>DataProviders</Filter>
    </ClCompile>
    <ClCompile Include="WidgetUtils.cpp">
      <Filter>Utils\Gui</Filter>
    </ClCompile>
    <ClCompile Include="NcFramelessHelper.cpp">
      <Filter>Utils\Gui</Filter>
    </ClCompile>
    <ClCompile Include="UserIdle.cpp">
      <Filter>Utils\Core</Filter>
    </ClCompile>
    <ClCompile Include="ThreadUtils.cpp">
      <Filter>Utils\Core</Filter>
    </ClCompile>
    <ClCompile Include="SingleApplication.cpp">
      <Filter>Utils\Core</Filter>
    </ClCompile>
    <ClCompile Include="StateTooltip.cpp">
      <Filter>Views\Popups</Filter>
    </ClCompile>
    <ClCompile Include="GeneratedFiles\Debug\moc_StateTooltip.cpp">
      <Filter>Generated Files\Debug</Filter>
    </ClCompile>
    <ClCompile Include="GeneratedFiles\Release\moc_StateTooltip.cpp">
      <Filter>Generated Files\Release</Filter>
    </ClCompile>
    <ClCompile Include="StubPage.cpp">
      <Filter>Views\Pages</Filter>
    </ClCompile>
    <ClCompile Include="GeneratedFiles\Debug\moc_StubPage.cpp">
      <Filter>Generated Files\Debug</Filter>
    </ClCompile>
    <ClCompile Include="GeneratedFiles\Release\moc_StubPage.cpp">
      <Filter>Generated Files\Release</Filter>
    </ClCompile>
  </ItemGroup>
  <ItemGroup>
    <CustomBuild Include="Player.qrc">
      <Filter>Resource Files</Filter>
    </CustomBuild>
    <CustomBuild Include="TabWidget.h">
      <Filter>Views\Widgets</Filter>
    </CustomBuild>
    <CustomBuild Include="Titlebar.h">
      <Filter>Views\Widgets</Filter>
    </CustomBuild>
    <CustomBuild Include="UpdateModel.h">
      <Filter>Model</Filter>
    </CustomBuild>
    <CustomBuild Include="LinkButton.h">
      <Filter>Views\Widgets</Filter>
    </CustomBuild>
    <CustomBuild Include="WebView.h">
      <Filter>Views\Widgets</Filter>
    </CustomBuild>
    <CustomBuild Include="Log.h">
      <Filter>Utils</Filter>
    </CustomBuild>
    <CustomBuild Include="BaseListModel.h">
      <Filter>Model</Filter>
    </CustomBuild>
    <CustomBuild Include="SystemTray.h">
      <Filter>Views\SystemTray</Filter>
    </CustomBuild>
    <CustomBuild Include="SystemTrayContextMenu.h">
      <Filter>Views\SystemTray</Filter>
    </CustomBuild>
    <CustomBuild Include="AppController.h">
      <Filter>Controllers</Filter>
    </CustomBuild>
    <CustomBuild Include="MainWindow.h">
      <Filter>Views</Filter>
    </CustomBuild>
    <CustomBuild Include="AudioStream.h">
      <Filter>Audio</Filter>
    </CustomBuild>
    <CustomBuild Include="FileDownloader.h">
      <Filter>Network</Filter>
    </CustomBuild>
    <CustomBuild Include="DownlaodManager.h">
      <Filter>Network</Filter>
    </CustomBuild>
    <CustomBuild Include="DefaultBrowser.h">
      <Filter>Utils</Filter>
    </CustomBuild>
    <CustomBuild Include="RadioPage.h">
      <Filter>Views\Pages</Filter>
    </CustomBuild>
    <CustomBuild Include="TVPage.h">
      <Filter>Views\Pages</Filter>
    </CustomBuild>
    <CustomBuild Include="TabPage.h">
      <Filter>Views\Pages</Filter>
    </CustomBuild>
    <CustomBuild Include="NetworkAccessManager.h">
      <Filter>Network</Filter>
    </CustomBuild>
    <CustomBuild Include="Config.h">
      <Filter>Model</Filter>
    </CustomBuild>
    <CustomBuild Include="FlashUtils.h">
      <Filter>Utils</Filter>
    </CustomBuild>
    <CustomBuild Include="PluginManager.h">
      <Filter>Plugins</Filter>
    </CustomBuild>
    <CustomBuild Include="Path.h">
      <Filter>Utils\FileSystem</Filter>
    </CustomBuild>
    <CustomBuild Include="AudioStreamAsyncStarter.h">
      <Filter>Audio</Filter>
    </CustomBuild>
    <CustomBuild Include="PlayerPage.h">
      <Filter>Views\Pages</Filter>
    </CustomBuild>
    <CustomBuild Include="PlayerPageController.h">
      <Filter>Controllers\ViewControllers</Filter>
    </CustomBuild>
    <CustomBuild Include="RadioPageController.h">
      <Filter>Controllers\ViewControllers</Filter>
    </CustomBuild>
    <CustomBuild Include="TVPageController.h">
      <Filter>Controllers\ViewControllers</Filter>
    </CustomBuild>
    <CustomBuild Include="AudioStreamAsyncDownloader.h">
      <Filter>Audio</Filter>
    </CustomBuild>
    <CustomBuild Include="UrlBuilder.h">
      <Filter>Network</Filter>
    </CustomBuild>
    <CustomBuild Include="IPageController.h">
      <Filter>Controllers\ViewControllers</Filter>
    </CustomBuild>
    <CustomBuild Include="ChannelMetadataModel.h">
      <Filter>Model\Radio</Filter>
    </CustomBuild>
    <CustomBuild Include="TrackModel.h">
      <Filter>Model\Music</Filter>
    </CustomBuild>
    <CustomBuild Include="RadioCategoriesModel.h">
      <Filter>Model\Radio</Filter>
    </CustomBuild>
    <CustomBuild Include="QuickPageBase.h">
      <Filter>Views\Pages</Filter>
    </CustomBuild>
    <CustomBuild Include="UpdateController.h">
      <Filter>Controllers\Update</Filter>
    </CustomBuild>
    <CustomBuild Include="TVCategoriesModel.h">
      <Filter>Model\TV</Filter>
    </CustomBuild>
    <CustomBuild Include="TVGenresModel.h">
      <Filter>Model\TV</Filter>
    </CustomBuild>
    <CustomBuild Include="TVGenresSortFilterProxyModel.h">
      <Filter>Model\TV</Filter>
    </CustomBuild>
    <CustomBuild Include="MessageBoxView.h">
      <Filter>Views\Popups</Filter>
    </CustomBuild>
    <CustomBuild Include="TVSourcesModel.h">
      <Filter>Model\TV</Filter>
    </CustomBuild>
    <CustomBuild Include="RadioSourcesModel.h">
      <Filter>Model\Radio</Filter>
    </CustomBuild>
    <CustomBuild Include="RadioSourcesSortFilterProxyModel.h">
      <Filter>Model\Radio</Filter>
    </CustomBuild>
    <CustomBuild Include="TVSourcesSortFilterProxyModel.h">
      <Filter>Model\TV</Filter>
    </CustomBuild>
    <CustomBuild Include="BannersModel.h">
      <Filter>Model</Filter>
    </CustomBuild>
    <CustomBuild Include="TVGenresPopupView.h">
      <Filter>Views\Popups</Filter>
    </CustomBuild>
    <CustomBuild Include="SetUserInfo.h">
      <Filter>DataProviders</Filter>
    </CustomBuild>
    <CustomBuild Include="TracksDataProvider.h">
      <Filter>DataProviders</Filter>
    </CustomBuild>
    <CustomBuild Include="WidgetUtils.h">
      <Filter>Utils\Gui</Filter>
    </CustomBuild>
    <CustomBuild Include="UserIdle.h">
      <Filter>Utils\Core</Filter>
    </CustomBuild>
    <CustomBuild Include="SingleApplication.h">
      <Filter>Utils\Core</Filter>
    </CustomBuild>
    <CustomBuild Include="StateTooltip.h">
      <Filter>Views\Popups</Filter>
    </CustomBuild>
    <CustomBuild Include="StubPage.h">
      <Filter>Views\Pages</Filter>
    </CustomBuild>
  </ItemGroup>
  <ItemGroup>
    <None Include="Translations\en.ts">
      <Filter>Translations</Filter>
    </None>
    <None Include="Translations\ru.ts">
      <Filter>Translations</Filter>
    </None>
    <None Include="Resources\FlashInstall.html">
      <Filter>Resource Files\Html</Filter>
    </None>
    <None Include="Resources\CheckFlashInstalled.html">
      <Filter>Resource Files\Html</Filter>
    </None>
    <None Include="Views\Player\SearchEdit.qml">
      <Filter>Views\QML\Player</Filter>
    </None>
    <None Include="Views\Player\StyledText.qml">
      <Filter>Views\QML\Player</Filter>
    </None>
    <None Include="Views\Player\TrackList.qml">
      <Filter>Views\QML\Player</Filter>
    </None>
    <None Include="Views\Player\VerticalScrollBar.qml">
      <Filter>Views\QML\Player</Filter>
    </None>
    <None Include="Views\Player\Line.qml">
      <Filter>Views\QML\Player</Filter>
    </None>
    <None Include="Views\Player\PalyerPageView.qml">
      <Filter>Views\QML\Player</Filter>
    </None>
    <None Include="Views\Radio\LastStationsView.qml">
      <Filter>Views\QML\Radio</Filter>
    </None>
    <None Include="Views\Radio\Line.qml">
      <Filter>Views\QML\Radio</Filter>
    </None>
    <None Include="Views\Radio\MoreCategoriesView.qml">
      <Filter>Views\QML\Radio</Filter>
    </None>
    <None Include="Views\Radio\PlayStationView.qml">
      <Filter>Views\QML\Radio</Filter>
    </None>
    <None Include="Views\Radio\RadioPageView.qml">
      <Filter>Views\QML\Radio</Filter>
    </None>
    <None Include="Views\Radio\SearchEdit.qml">
      <Filter>Views\QML\Radio</Filter>
    </None>
    <None Include="Views\Radio\SearchResultView.qml">
      <Filter>Views\QML\Radio</Filter>
    </None>
    <None Include="Views\Radio\StationsView.qml">
      <Filter>Views\QML\Radio</Filter>
    </None>
    <None Include="Views\Radio\StationView.qml">
      <Filter>Views\QML\Radio</Filter>
    </None>
    <None Include="Views\Radio\StyledText.qml">
      <Filter>Views\QML\Radio</Filter>
    </None>
    <None Include="Views\Radio\TopStationsView.qml">
      <Filter>Views\QML\Radio</Filter>
    </None>
    <None Include="Views\Radio\VerticalScrollBar.qml">
      <Filter>Views\QML\Radio</Filter>
    </None>
    <None Include="Views\Radio\CategoriesView.qml">
      <Filter>Views\QML\Radio</Filter>
    </None>
    <None Include="Views\Radio\CurrentCategoryStationsView.qml">
      <Filter>Views\QML\Radio</Filter>
    </None>
    <None Include="Views\Radio\HorizontalScrollBar.qml">
      <Filter>Views\QML\Radio</Filter>
    </None>
    <None Include="Views\TV\MoreCategoriesView.qml">
      <Filter>Views\QML\TV</Filter>
    </None>
    <None Include="Views\TV\SearchEdit.qml">
      <Filter>Views\QML\TV</Filter>
    </None>
    <None Include="Views\TV\StyledText.qml">
      <Filter>Views\QML\TV</Filter>
    </None>
    <None Include="Views\TV\TVCategoriesView.qml">
      <Filter>Views\QML\TV</Filter>
    </None>
    <None Include="Views\TV\TVCurrentCategoryView.qml">
      <Filter>Views\QML\TV</Filter>
    </None>
    <None Include="Views\TV\TVFilter.qml">
      <Filter>Views\QML\TV</Filter>
    </None>
    <None Include="Views\TV\TVPageView.qml">
      <Filter>Views\QML\TV</Filter>
    </None>
    <None Include="Views\TV\TVSourcesView.qml">
      <Filter>Views\QML\TV</Filter>
    </None>
    <None Include="Views\TV\VerticalScrollBar.qml">
      <Filter>Views\QML\TV</Filter>
    </None>
    <None Include="Views\TV\Line.qml">
      <Filter>Views\QML\TV</Filter>
    </None>
    <None Include="Styles\MessageBoxPoup.qss">
      <Filter>Views\Styles</Filter>
    </None>
    <None Include="Styles\TVGenresPopup.qss">
      <Filter>Views\Styles</Filter>
    </None>
    <None Include="Styles\MainWindow.qss">
      <Filter>Views\Styles</Filter>
    </None>
  </ItemGroup>
  <ItemGroup>
    <ClInclude Include="Prerequirements.h" />
    <ClInclude Include="CommandLine.h">
      <Filter>Utils</Filter>
    </ClInclude>
    <ClInclude Include="FileUtils.h">
      <Filter>Utils\FileSystem</Filter>
    </ClInclude>
    <ClInclude Include="resource.h">
      <Filter>Resource Files</Filter>
    </ClInclude>
    <ClInclude Include="NcFramelessHelper.h">
      <Filter>Utils\Gui</Filter>
    </ClInclude>
    <ClInclude Include="ThreadUtils.h">
      <Filter>Utils\Core</Filter>
    </ClInclude>
  </ItemGroup>
  <ItemGroup>
    <Image Include="Resources\Player.ico">
      <Filter>Resource Files\Images</Filter>
    </Image>
    <Image Include="Resources\centralicon.png">
      <Filter>Resource Files\Images</Filter>
    </Image>
    <Image Include="Resources\closeicon.png">
      <Filter>Resource Files\Images</Filter>
    </Image>
    <Image Include="Resources\minimizeicon.png">
      <Filter>Resource Files\Images</Filter>
    </Image>
    <Image Include="Resources\pauseicon.png">
      <Filter>Resource Files\Images</Filter>
    </Image>
    <Image Include="Resources\playicon.png">
      <Filter>Resource Files\Images</Filter>
    </Image>
    <Image Include="Resources\searchicon.png">
      <Filter>Resource Files\Images</Filter>
    </Image>
    <Image Include="Resources\flashlogo.png">
      <Filter>Resource Files\Images</Filter>
    </Image>
  </ItemGroup>
  <ItemGroup>
    <Font Include="Resources\txdJ2vM9.ttf">
      <Filter>Resource Files\Images</Filter>
    </Font>
  </ItemGroup>
  <ItemGroup>
    <ResourceCompile Include="Player.rc">
      <Filter>Resource Files</Filter>
    </ResourceCompile>
  </ItemGroup>
</Project>