<?xml version="1.0" encoding="utf-8"?>
<Project ToolsVersion="4.0" xmlns="http://schemas.microsoft.com/developer/msbuild/2003">
  <ItemGroup>
    <ClCompile Include="Config.cpp" />
    <ClCompile Include="FileToUpdate.cpp" />
    <ClCompile Include="Hash.cpp" />
    <ClCompile Include="HttpApi.cpp" />
    <ClCompile Include="Loader.cpp" />
    <ClCompile Include="Path.cpp" />
    <ClCompile Include="StartupParameters.cpp" />
    <ClCompile Include="json\json_value.cpp">
      <Filter>json</Filter>
    </ClCompile>
    <ClCompile Include="json\json_reader.cpp">
      <Filter>json</Filter>
    </ClCompile>
    <ClCompile Include="json\json_writer.cpp">
      <Filter>json</Filter>
    </ClCompile>
    <ClCompile Include="minzip\ioapi.c">
      <Filter>minzip</Filter>
    </ClCompile>
    <ClCompile Include="minzip\iowin32.c">
      <Filter>minzip</Filter>
    </ClCompile>
    <ClCompile Include="minzip\unzip.c">
      <Filter>minzip</Filter>
    </ClCompile>
    <ClCompile Include="minzip\zip.c">
      <Filter>minzip</Filter>
    </ClCompile>
    <ClCompile Include="Process.cpp" />
    <ClCompile Include="Utils.cpp" />
  </ItemGroup>
  <ItemGroup>
    <ClInclude Include="Config.h" />
    <ClInclude Include="Context.h" />
    <ClInclude Include="Defs.h" />
    <ClInclude Include="FileToUpdate.h" />
    <ClInclude Include="Hash.h" />
    <ClInclude Include="HttpApi.h" />
    <ClInclude Include="Path.h" />
    <ClInclude Include="StartupParameters.h" />
    <ClInclude Include="json\json_batchallocator.h">
      <Filter>json</Filter>
    </ClInclude>
    <ClInclude Include="minzip\crypt.h">
      <Filter>minzip</Filter>
    </ClInclude>
    <ClInclude Include="minzip\ioapi.h">
      <Filter>minzip</Filter>
    </ClInclude>
    <ClInclude Include="minzip\iowin32.h">
      <Filter>minzip</Filter>
    </ClInclude>
    <ClInclude Include="minzip\mztools.h">
      <Filter>minzip</Filter>
    </ClInclude>
    <ClInclude Include="minzip\unzip.h">
      <Filter>minzip</Filter>
    </ClInclude>
    <ClInclude Include="minzip\zip.h">
      <Filter>minzip</Filter>
    </ClInclude>
    <ClInclude Include="Process.h" />
  </ItemGroup>
  <ItemGroup>
    <None Include="json\json_internalarray.inl">
      <Filter>json</Filter>
    </None>
    <None Include="json\json_internalmap.inl">
      <Filter>json</Filter>
    </None>
    <None Include="json\json_valueiterator.inl">
      <Filter>json</Filter>
    </None>
  </ItemGroup>
  <ItemGroup>
    <Filter Include="minzip">
      <UniqueIdentifier>{c148c325-6f18-4c46-9c6d-3e2567fab8d5}</UniqueIdentifier>
    </Filter>
    <Filter Include="json">
      <UniqueIdentifier>{13b2350f-232e-4d4d-ac29-346b75b73bf9}</UniqueIdentifier>
    </Filter>
  </ItemGroup>
</Project>