<?xml version="1.0" encoding="utf-8"?>
<Project ToolsVersion="4.0" xmlns="http://schemas.microsoft.com/developer/msbuild/2003">
  <ItemGroup>
    <ClCompile Include="Registry.cpp" />
    <ClCompile Include="DateTime.cpp" />
    <ClCompile Include="Link.cpp" />
    <ClCompile Include="Http.cpp" />
    <ClCompile Include="FileSystem.cpp" />
    <ClCompile Include="Xml.cpp" />
    <ClCompile Include="MD5.cpp" />
    <ClCompile Include="EventLog.cpp" />
    <ClCompile Include="Processes.cpp" />
    <ClCompile Include="FlashPlayer.cpp" />
    <ClCompile Include="Lang.cpp" />
    <ClCompile Include="Log.cpp" />
    <ClCompile Include="Path.cpp" />
    <ClCompile Include="ServiceSpecific.cpp" />
    <ClCompile Include="StringUtils.cpp" />
  </ItemGroup>
  <ItemGroup>
    <ClInclude Include="Common.h" />
  </ItemGroup>
</Project>